
Microsoft Visual Studio Solution File, Format Version 12.00
# Visual Studio Version 17
VisualStudioVersion = 17.1.32228.430
MinimumVisualStudioVersion = 10.0.40219.1
Project("{FAE04EC0-301F-11D3-BF4B-00C04F79EFBC}") = "ProjetoFinalCurso1500", "ProjetoFinalCurso1500\ProjetoFinalCurso1500.csproj", "{0C4BE879-A050-4AA6-ABA0-DE2E1593C113}"
EndProject
Global
	GlobalSection(SolutionConfigurationPlatforms) = preSolution
		Debug|Any CPU = Debug|Any CPU
		Release|Any CPU = Release|Any CPU
	EndGlobalSection
	GlobalSection(ProjectConfigurationPlatforms) = postSolution
		{0C4BE879-A050-4AA6-ABA0-DE2E1593C113}.Debug|Any CPU.ActiveCfg = Debug|Any CPU
		{0C4BE879-A050-4AA6-ABA0-DE2E1593C113}.Debug|Any CPU.Build.0 = Debug|Any CPU
		{0C4BE879-A050-4AA6-ABA0-DE2E1593C113}.Release|Any CPU.ActiveCfg = Release|Any CPU
		{0C4BE879-A050-4AA6-ABA0-DE2E1593C113}.Release|Any CPU.Build.0 = Release|Any CPU
	EndGlobalSection
	GlobalSection(SolutionProperties) = preSolution
		HideSolutionNode = FALSE
	EndGlobalSection
	GlobalSection(ExtensibilityGlobals) = postSolution
		SolutionGuid = {CEFB600E-E491-4800-BC32-08670C538A48}
	EndGlobalSection
EndGlobal
